# This is a Gradle generated file for dependency locking.
# Manual edits can break the build and are not advised.
# This file is expected to be part of source control.
com.willowtreeapps.assertk:assertk-jvm:0.28.1=testRuntimeClasspath
com.willowtreeapps.opentest4k:opentest4k-jvm:1.3.0=testRuntimeClasspath
com.willowtreeapps.opentest4k:opentest4k:1.3.0=testRuntimeClasspath
io.github.classgraph:classgraph:4.8.37=testRuntimeClasspath
io.github.java-diff-utils:java-diff-utils:4.12=runtimeClasspath,testRuntimeClasspath
io.kotest:kotest-assertions-api-jvm:5.9.1=runtimeClasspath,testRuntimeClasspath
io.kotest:kotest-assertions-api:5.9.1=runtimeClasspath,testRuntimeClasspath
io.kotest:kotest-assertions-core-jvm:5.9.1=runtimeClasspath,testRuntimeClasspath
io.kotest:kotest-assertions-core:5.9.1=runtimeClasspath,testRuntimeClasspath
io.kotest:kotest-assertions-shared-jvm:5.9.1=runtimeClasspath,testRuntimeClasspath
io.kotest:kotest-assertions-shared:5.9.1=runtimeClasspath,testRuntimeClasspath
io.kotest:kotest-common-jvm:5.9.1=runtimeClasspath,testRuntimeClasspath
io.kotest:kotest-common:5.9.1=runtimeClasspath,testRuntimeClasspath
io.mockk:mockk-agent-api-jvm:1.13.17=testRuntimeClasspath
io.mockk:mockk-agent-api:1.13.17=testRuntimeClasspath
io.mockk:mockk-agent-jvm:1.13.17=testRuntimeClasspath
io.mockk:mockk-agent:1.13.17=testRuntimeClasspath
io.mockk:mockk-core-jvm:1.13.17=testRuntimeClasspath
io.mockk:mockk-core:1.13.17=testRuntimeClasspath
io.mockk:mockk-dsl-jvm:1.13.17=testRuntimeClasspath
io.mockk:mockk-dsl:1.13.17=testRuntimeClasspath
io.mockk:mockk-jvm:1.13.17=testRuntimeClasspath
io.mockk:mockk:1.13.17=testRuntimeClasspath
junit:junit:4.13.2=testRuntimeClasspath
net.bytebuddy:byte-buddy-agent:1.14.17=testRuntimeClasspath
net.bytebuddy:byte-buddy:1.14.17=testRuntimeClasspath
org.hamcrest:hamcrest-core:1.3=testRuntimeClasspath
org.jetbrains.kotlin:kotlin-reflect:1.9.23=runtimeClasspath,testRuntimeClasspath
org.jetbrains.kotlin:kotlin-stdlib-common:1.9.23=testRuntimeClasspath
org.jetbrains.kotlin:kotlin-stdlib-jdk7:1.9.23=testRuntimeClasspath
org.jetbrains.kotlin:kotlin-stdlib-jdk8:1.9.23=testRuntimeClasspath
org.jetbrains.kotlin:kotlin-stdlib:1.9.23=runtimeClasspath,testRuntimeClasspath
org.jetbrains.kotlinx:kotlinx-coroutines-bom:1.8.0=runtimeClasspath,testRuntimeClasspath
org.jetbrains.kotlinx:kotlinx-coroutines-core-jvm:1.8.0=runtimeClasspath,testRuntimeClasspath
org.jetbrains.kotlinx:kotlinx-coroutines-core:1.8.0=runtimeClasspath,testRuntimeClasspath
org.jetbrains.kotlinx:kotlinx-coroutines-jdk8:1.8.0=runtimeClasspath,testRuntimeClasspath
org.jetbrains:annotations:23.0.0=runtimeClasspath,testRuntimeClasspath
org.junit.jupiter:junit-jupiter-api:5.11.4=runtimeClasspath,testRuntimeClasspath
org.junit.jupiter:junit-jupiter-engine:5.11.4=runtimeClasspath,testRuntimeClasspath
org.junit.jupiter:junit-jupiter-params:5.11.4=runtimeClasspath,testRuntimeClasspath
org.junit.jupiter:junit-jupiter:5.11.4=runtimeClasspath,testRuntimeClasspath
org.junit.platform:junit-platform-commons:1.11.4=runtimeClasspath,testRuntimeClasspath
org.junit.platform:junit-platform-engine:1.11.4=runtimeClasspath,testRuntimeClasspath
org.junit:junit-bom:5.11.4=runtimeClasspath,testRuntimeClasspath
org.objenesis:objenesis:3.3=testRuntimeClasspath
org.opentest4j:opentest4j:1.3.0=runtimeClasspath,testRuntimeClasspath
org.spekframework.spek2:spek-dsl-jvm:2.0.19=testRuntimeClasspath
org.spekframework.spek2:spek-dsl:2.0.19=testRuntimeClasspath
org.spekframework.spek2:spek-runner-junit5:2.0.19=testRuntimeClasspath
org.spekframework.spek2:spek-runtime-jvm:2.0.19=testRuntimeClasspath
org.spekframework.spek2:spek-runtime:2.0.19=testRuntimeClasspath
empty=
